
Microsoft Visual Studio Solution File, Format Version 12.00
# Visual Studio Version 17
VisualStudioVersion = 17.9.34723.18
MinimumVisualStudioVersion = 10.0.40219.1
Project("{FAE04EC0-301F-11D3-BF4B-00C04F79EFBC}") = "CleanLand", "CleanLand\CleanLand.csproj", "{C9A04FEB-D63C-DE24-5C87-F76AA4189B5A}"
EndProject
Global
	GlobalSection(SolutionConfigurationPlatforms) = preSolution
		Debug|Any CPU = Debug|Any CPU
		Release|Any CPU = Release|Any CPU
	EndGlobalSection
	GlobalSection(ProjectConfigurationPlatforms) = postSolution
		{C9A04FEB-D63C-DE24-5C87-F76AA4189B5A}.Debug|Any CPU.ActiveCfg = Debug|Any CPU
		{C9A04FEB-D63C-DE24-5C87-F76AA4189B5A}.Debug|Any CPU.Build.0 = Debug|Any CPU
		{C9A04FEB-D63C-DE24-5C87-F76AA4189B5A}.Release|Any CPU.ActiveCfg = Release|Any CPU
		{C9A04FEB-D63C-DE24-5C87-F76AA4189B5A}.Release|Any CPU.Build.0 = Release|Any CPU
	EndGlobalSection
	GlobalSection(SolutionProperties) = preSolution
		HideSolutionNode = FALSE
	EndGlobalSection
	GlobalSection(ExtensibilityGlobals) = postSolution
		SolutionGuid = {F7FE53A3-9FB1-4DF4-B3BF-FAF3CCD02C2F}
	EndGlobalSection
EndGlobal
